{
  "version": "v1",
  "packages": {
    "@addfox/utils": {
      "signature": "095bfd343afbe0bb19790a72297ce152",
      "pure": true
    },
    "@addfox/cli": {
      "signature": "2a5b8b72b89aedb28ced6f3320033862",
      "pure": true
    },
    "@addfox/core": {
      "signature": "213e54c0222505833d0c5bb81c98facf",
      "pure": true
    },
    "@addfox/common": {
      "signature": "aa219255ec284d6964a1c077d5a6565a",
      "pure": true
    },
    "@addfox/pkg-manager": {
      "signature": "678674ecca05d4cc49f12536a07fd586",
      "pure": true
    },
    "@addfox/rsbuild-plugin-extension-entry": {
      "signature": "ad55f58ae81e49c372fcd667659b6234",
      "pure": true
    },
    "@addfox/rsbuild-plugin-extension-manifest": {
      "signature": "f532d953ee6489489764d946949b3d8e",
      "pure": true
    },
    "@addfox/rsbuild-plugin-extension-hmr": {
      "signature": "68d1b71dadff77f6cd4f4ca637b3bcf2",
      "pure": true
    },
    "@addfox/rsbuild-plugin-extension-monitor": {
      "signature": "73be88077f391431b28a429198d3e09d",
      "pure": true
    },
    "@addfox/rsbuild-plugin-vue": {
      "signature": "53adcf0c01c141b2ea940e38dad3b5a7",
      "pure": true
    }
  }
}